# This file is automatically @generated by Cargo.
# It is not intended for manual editing.
version = 4

[[package]]
name = "evolution-wire"
version = "0.1.0"

[[package]]
name = "talos-extension-host"
version = "0.1.0"
dependencies = [
 "evolution-wire",
]

[[package]]
name = "talos-supervisor"
version = "0.1.0"
dependencies = [
 "evolution-wire",
 "talos-windows-sandbox",
]

[[package]]
name = "talos-windows-sandbox"
version = "0.1.0"
